
Microsoft Visual Studio Solution File, Format Version 12.00
# Visual Studio Version 17
VisualStudioVersion = 17.7.34009.444
MinimumVisualStudioVersion = 10.0.40219.1
Project("{9A19103F-16F7-4668-BE54-9A1E7A4F7556}") = "Aula01", "Aulasc#\Aula01.csproj", "{7FE952D8-73AA-4D85-BDF9-8A77D311EE68}"
EndProject
Project("{2150E333-8FDC-42A3-9474-1A3956D46DE8}") = "Aulas", "Aulas", "{42B98C8F-1D18-4050-B34D-2F89185C0BA0}"
EndProject
Project("{9A19103F-16F7-4668-BE54-9A1E7A4F7556}") = "Aula02", "Aula2\Aula02.csproj", "{850248FD-8B02-4706-BCAA-7A0E3F1C5919}"
EndProject
Project("{9A19103F-16F7-4668-BE54-9A1E7A4F7556}") = "Aula03", "Aula03\Aula03.csproj", "{45139FD2-436F-47E9-86E7-2ABDFA073841}"
EndProject
Project("{9A19103F-16F7-4668-BE54-9A1E7A4F7556}") = "Aula04", "Aula04\Aula04.csproj", "{CF416841-7AAC-4A3D-8C18-3C9BA9CB7925}"
EndProject
Project("{9A19103F-16F7-4668-BE54-9A1E7A4F7556}") = "Aula05", "Aula05\Aula05.csproj", "{47CB2F98-3A8F-4DFC-8CAD-5896DBF2D545}"
EndProject
Project("{FAE04EC0-301F-11D3-BF4B-00C04F79EFBC}") = "Aula06", "Aula06\Aula06.csproj", "{6ACEDBC8-C6EE-471E-9296-862FF135389E}"
EndProject
Global
	GlobalSection(SolutionConfigurationPlatforms) = preSolution
		Debug|Any CPU = Debug|Any CPU
		Release|Any CPU = Release|Any CPU
	EndGlobalSection
	GlobalSection(ProjectConfigurationPlatforms) = postSolution
		{7FE952D8-73AA-4D85-BDF9-8A77D311EE68}.Debug|Any CPU.ActiveCfg = Debug|Any CPU
		{7FE952D8-73AA-4D85-BDF9-8A77D311EE68}.Debug|Any CPU.Build.0 = Debug|Any CPU
		{7FE952D8-73AA-4D85-BDF9-8A77D311EE68}.Release|Any CPU.ActiveCfg = Release|Any CPU
		{7FE952D8-73AA-4D85-BDF9-8A77D311EE68}.Release|Any CPU.Build.0 = Release|Any CPU
		{850248FD-8B02-4706-BCAA-7A0E3F1C5919}.Debug|Any CPU.ActiveCfg = Debug|Any CPU
		{850248FD-8B02-4706-BCAA-7A0E3F1C5919}.Debug|Any CPU.Build.0 = Debug|Any CPU
		{850248FD-8B02-4706-BCAA-7A0E3F1C5919}.Release|Any CPU.ActiveCfg = Release|Any CPU
		{850248FD-8B02-4706-BCAA-7A0E3F1C5919}.Release|Any CPU.Build.0 = Release|Any CPU
		{45139FD2-436F-47E9-86E7-2ABDFA073841}.Debug|Any CPU.ActiveCfg = Debug|Any CPU
		{45139FD2-436F-47E9-86E7-2ABDFA073841}.Debug|Any CPU.Build.0 = Debug|Any CPU
		{45139FD2-436F-47E9-86E7-2ABDFA073841}.Release|Any CPU.ActiveCfg = Release|Any CPU
		{45139FD2-436F-47E9-86E7-2ABDFA073841}.Release|Any CPU.Build.0 = Release|Any CPU
		{CF416841-7AAC-4A3D-8C18-3C9BA9CB7925}.Debug|Any CPU.ActiveCfg = Debug|Any CPU
		{CF416841-7AAC-4A3D-8C18-3C9BA9CB7925}.Debug|Any CPU.Build.0 = Debug|Any CPU
		{CF416841-7AAC-4A3D-8C18-3C9BA9CB7925}.Release|Any CPU.ActiveCfg = Release|Any CPU
		{CF416841-7AAC-4A3D-8C18-3C9BA9CB7925}.Release|Any CPU.Build.0 = Release|Any CPU
		{47CB2F98-3A8F-4DFC-8CAD-5896DBF2D545}.Debug|Any CPU.ActiveCfg = Debug|Any CPU
		{47CB2F98-3A8F-4DFC-8CAD-5896DBF2D545}.Debug|Any CPU.Build.0 = Debug|Any CPU
		{47CB2F98-3A8F-4DFC-8CAD-5896DBF2D545}.Release|Any CPU.ActiveCfg = Release|Any CPU
		{47CB2F98-3A8F-4DFC-8CAD-5896DBF2D545}.Release|Any CPU.Build.0 = Release|Any CPU
		{6ACEDBC8-C6EE-471E-9296-862FF135389E}.Debug|Any CPU.ActiveCfg = Debug|Any CPU
		{6ACEDBC8-C6EE-471E-9296-862FF135389E}.Debug|Any CPU.Build.0 = Debug|Any CPU
		{6ACEDBC8-C6EE-471E-9296-862FF135389E}.Release|Any CPU.ActiveCfg = Release|Any CPU
		{6ACEDBC8-C6EE-471E-9296-862FF135389E}.Release|Any CPU.Build.0 = Release|Any CPU
	EndGlobalSection
	GlobalSection(SolutionProperties) = preSolution
		HideSolutionNode = FALSE
	EndGlobalSection
	GlobalSection(NestedProjects) = preSolution
		{7FE952D8-73AA-4D85-BDF9-8A77D311EE68} = {42B98C8F-1D18-4050-B34D-2F89185C0BA0}
		{850248FD-8B02-4706-BCAA-7A0E3F1C5919} = {42B98C8F-1D18-4050-B34D-2F89185C0BA0}
		{45139FD2-436F-47E9-86E7-2ABDFA073841} = {42B98C8F-1D18-4050-B34D-2F89185C0BA0}
		{CF416841-7AAC-4A3D-8C18-3C9BA9CB7925} = {42B98C8F-1D18-4050-B34D-2F89185C0BA0}
		{47CB2F98-3A8F-4DFC-8CAD-5896DBF2D545} = {42B98C8F-1D18-4050-B34D-2F89185C0BA0}
		{6ACEDBC8-C6EE-471E-9296-862FF135389E} = {42B98C8F-1D18-4050-B34D-2F89185C0BA0}
	EndGlobalSection
	GlobalSection(ExtensibilityGlobals) = postSolution
		SolutionGuid = {784DB1E0-11C0-4EF2-ABA3-E4730427C03B}
	EndGlobalSection
EndGlobal
